
Microsoft Visual Studio Solution File, Format Version 12.00
# Visual Studio Version 17
VisualStudioVersion = 17.1.32210.238
MinimumVisualStudioVersion = 10.0.40219.1
Project("{FAE04EC0-301F-11D3-BF4B-00C04F79EFBC}") = "DataStructuresAlgorithms", "DataStructuresAlgorithms.csproj", "{A32B22D1-70A8-4DBF-A794-0344DE50340B}"
EndProject
Global
	GlobalSection(SolutionConfigurationPlatforms) = preSolution
		Debug|Any CPU = Debug|Any CPU
		Release|Any CPU = Release|Any CPU
	EndGlobalSection
	GlobalSection(ProjectConfigurationPlatforms) = postSolution
		{A32B22D1-70A8-4DBF-A794-0344DE50340B}.Debug|Any CPU.ActiveCfg = Debug|Any CPU
		{A32B22D1-70A8-4DBF-A794-0344DE50340B}.Debug|Any CPU.Build.0 = Debug|Any CPU
		{A32B22D1-70A8-4DBF-A794-0344DE50340B}.Release|Any CPU.ActiveCfg = Release|Any CPU
		{A32B22D1-70A8-4DBF-A794-0344DE50340B}.Release|Any CPU.Build.0 = Release|Any CPU
	EndGlobalSection
	GlobalSection(SolutionProperties) = preSolution
		HideSolutionNode = FALSE
	EndGlobalSection
	GlobalSection(ExtensibilityGlobals) = postSolution
		SolutionGuid = {5D3EB2DA-9E3A-40B4-9542-0C0D650D11C4}
	EndGlobalSection
EndGlobal
